Microsoft Visual Studio Solution File, Format Version 12.00
# Visual Studio Version 17
VisualStudioVersion = 17.5.2.0
MinimumVisualStudioVersion = 10.0.40219.1
Project("{2150E333-8FDC-42A3-9474-1A3956D46DE8}") = "14599 employees management", "14599 employees management", "{0DE3203E-4B95-8666-EAEC-9A03CA315038}"
EndProject
Project("{FAE04EC0-301F-11D3-BF4B-00C04F79EFBC}") = "14599_employees_management", "14599 employees management\14599_employees_management\14599_employees_management.csproj", "{E380FBCE-3724-FEBC-627E-5A5CFFC4ED71}"
EndProject
Global
	GlobalSection(SolutionConfigurationPlatforms) = preSolution
		Debug|Any CPU = Debug|Any CPU
		Release|Any CPU = Release|Any CPU
	EndGlobalSection
	GlobalSection(ProjectConfigurationPlatforms) = postSolution
		{E380FBCE-3724-FEBC-627E-5A5CFFC4ED71}.Debug|Any CPU.ActiveCfg = Debug|Any CPU
		{E380FBCE-3724-FEBC-627E-5A5CFFC4ED71}.Debug|Any CPU.Build.0 = Debug|Any CPU
		{E380FBCE-3724-FEBC-627E-5A5CFFC4ED71}.Release|Any CPU.ActiveCfg = Release|Any CPU
		{E380FBCE-3724-FEBC-627E-5A5CFFC4ED71}.Release|Any CPU.Build.0 = Release|Any CPU
	EndGlobalSection
	GlobalSection(SolutionProperties) = preSolution
		HideSolutionNode = FALSE
	EndGlobalSection
	GlobalSection(NestedProjects) = preSolution
		{E380FBCE-3724-FEBC-627E-5A5CFFC4ED71} = {0DE3203E-4B95-8666-EAEC-9A03CA315038}
	EndGlobalSection
	GlobalSection(ExtensibilityGlobals) = postSolution
		SolutionGuid = {79362E28-5032-435F-BF3E-8ED7EB9B6F94}
	EndGlobalSection
EndGlobal
